
Microsoft Visual Studio Solution File, Format Version 12.00
# Visual Studio Version 16
VisualStudioVersion = 16.0.809.1
MinimumVisualStudioVersion = 10.0.40219.1
Project("{FAE04EC0-301F-11D3-BF4B-00C04F79EFBC}") = "PLMK3R", "PLMK3R\PLMK3R.csproj", "{10A5FB0D-2262-40D4-A26E-884270BC31FC}"
EndProject
Global
	GlobalSection(SolutionConfigurationPlatforms) = preSolution
		Debug|Any CPU = Debug|Any CPU
		Release|Any CPU = Release|Any CPU
	EndGlobalSection
	GlobalSection(ProjectConfigurationPlatforms) = postSolution
		{10A5FB0D-2262-40D4-A26E-884270BC31FC}.Debug|Any CPU.ActiveCfg = Debug|Any CPU
		{10A5FB0D-2262-40D4-A26E-884270BC31FC}.Debug|Any CPU.Build.0 = Debug|Any CPU
		{10A5FB0D-2262-40D4-A26E-884270BC31FC}.Release|Any CPU.ActiveCfg = Release|Any CPU
		{10A5FB0D-2262-40D4-A26E-884270BC31FC}.Release|Any CPU.Build.0 = Release|Any CPU
	EndGlobalSection
	GlobalSection(SolutionProperties) = preSolution
		HideSolutionNode = FALSE
	EndGlobalSection
	GlobalSection(ExtensibilityGlobals) = postSolution
		SolutionGuid = {17F12488-53FA-4356-BF58-66E62E6F68BA}
	EndGlobalSection
EndGlobal
