
Microsoft Visual Studio Solution File, Format Version 12.00
# Visual Studio Version 16
VisualStudioVersion = 16.0.809.7
MinimumVisualStudioVersion = 10.0.40219.1
Project("{FAE04EC0-301F-11D3-BF4B-00C04F79EFBC}") = "ASE_WebApp_Scanner", "ASE_WebApp_Scanner\ASE_WebApp_Scanner.csproj", "{88F27C28-73E7-46A8-BD0B-2F984BDFB948}"
EndProject
Global
	GlobalSection(SolutionConfigurationPlatforms) = preSolution
		Debug|Any CPU = Debug|Any CPU
		Release|Any CPU = Release|Any CPU
	EndGlobalSection
	GlobalSection(ProjectConfigurationPlatforms) = postSolution
		{88F27C28-73E7-46A8-BD0B-2F984BDFB948}.Debug|Any CPU.ActiveCfg = Debug|Any CPU
		{88F27C28-73E7-46A8-BD0B-2F984BDFB948}.Debug|Any CPU.Build.0 = Debug|Any CPU
		{88F27C28-73E7-46A8-BD0B-2F984BDFB948}.Release|Any CPU.ActiveCfg = Release|Any CPU
		{88F27C28-73E7-46A8-BD0B-2F984BDFB948}.Release|Any CPU.Build.0 = Release|Any CPU
	EndGlobalSection
	GlobalSection(SolutionProperties) = preSolution
		HideSolutionNode = FALSE
	EndGlobalSection
	GlobalSection(ExtensibilityGlobals) = postSolution
		SolutionGuid = {665DD619-ECD3-4754-85F7-B5D77A96297E}
	EndGlobalSection
EndGlobal
